// !$*UTF8*$!
{
	archiveVersion = 1;
	classes = {
	};
	objectVersion = 46;
	objects = {

/* Begin PBXBuildFile section */
		14372780198DBFA5000A06C0 /* ImagePost.m in Sources */ = {isa = PBXBuildFile; fileRef = 1437277F198DBFA5000A06C0 /* ImagePost.m */; };
		14D65BBC198E720A002FD151 /* MKAnnotationView+WebCache.m in Sources */ = {isa = PBXBuildFile; fileRef = 14D65B9C198E720A002FD151 /* MKAnnotationView+WebCache.m */; };
		14D65BBD198E720A002FD151 /* NSData+ImageContentType.m in Sources */ = {isa = PBXBuildFile; fileRef = 14D65B9E198E720A002FD151 /* NSData+ImageContentType.m */; };
		14D65BBE198E720A002FD151 /* SDImageCache.m in Sources */ = {isa = PBXBuildFile; fileRef = 14D65BA0198E720A002FD151 /* SDImageCache.m */; };
		14D65BBF198E720A002FD151 /* SDWebImageCompat.m in Sources */ = {isa = PBXBuildFile; fileRef = 14D65BA2198E720A002FD151 /* SDWebImageCompat.m */; };
		14D65BC0198E720A002FD151 /* SDWebImageDecoder.m in Sources */ = {isa = PBXBuildFile; fileRef = 14D65BA4198E720A002FD151 /* SDWebImageDecoder.m */; };
		14D65BC1198E720A002FD151 /* SDWebImageDownloader.m in Sources */ = {isa = PBXBuildFile; fileRef = 14D65BA6198E720A002FD151 /* SDWebImageDownloader.m */; };
		14D65BC2198E720A002FD151 /* SDWebImageDownloaderOperation.m in Sources */ = {isa = PBXBuildFile; fileRef = 14D65BA8198E720A002FD151 /* SDWebImageDownloaderOperation.m */; };
		14D65BC3198E720A002FD151 /* SDWebImageManager.m in Sources */ = {isa = PBXBuildFile; fileRef = 14D65BAA198E720A002FD151 /* SDWebImageManager.m */; };
		14D65BC4198E720A002FD151 /* SDWebImagePrefetcher.m in Sources */ = {isa = PBXBuildFile; fileRef = 14D65BAD198E720A002FD151 /* SDWebImagePrefetcher.m */; };
		14D65BC5198E720A002FD151 /* UIButton+WebCache.m in Sources */ = {isa = PBXBuildFile; fileRef = 14D65BAF198E720A002FD151 /* UIButton+WebCache.m */; };
		14D65BC6198E720A002FD151 /* UIImage+GIF.m in Sources */ = {isa = PBXBuildFile; fileRef = 14D65BB1198E720A002FD151 /* UIImage+GIF.m */; };
		14D65BC7198E720A002FD151 /* UIImage+MultiFormat.m in Sources */ = {isa = PBXBuildFile; fileRef = 14D65BB3198E720A002FD151 /* UIImage+MultiFormat.m */; };
		14D65BC8198E720A002FD151 /* UIImage+WebP.m in Sources */ = {isa = PBXBuildFile; fileRef = 14D65BB5198E720A002FD151 /* UIImage+WebP.m */; };
		14D65BC9198E720A002FD151 /* UIImageView+HighlightedWebCache.m in Sources */ = {isa = PBXBuildFile; fileRef = 14D65BB7198E720A002FD151 /* UIImageView+HighlightedWebCache.m */; };
		14D65BCA198E720A002FD151 /* UIImageView+WebCache.m in Sources */ = {isa = PBXBuildFile; fileRef = 14D65BB9198E720A002FD151 /* UIImageView+WebCache.m */; };
		14D65BCB198E720A002FD151 /* UIView+WebCacheOperation.m in Sources */ = {isa = PBXBuildFile; fileRef = 14D65BBB198E720A002FD151 /* UIView+WebCacheOperation.m */; };
		14E63CCB197D49CA005E06BE /* Foundation.framework in Frameworks */ = {isa = PBXBuildFile; fileRef = 14E63CCA197D49CA005E06BE /* Foundation.framework */; };
		14E63CCD197D49CA005E06BE /* CoreGraphics.framework in Frameworks */ = {isa = PBXBuildFile; fileRef = 14E63CCC197D49CA005E06BE /* CoreGraphics.framework */; };
		14E63CCF197D49CA005E06BE /* UIKit.framework in Frameworks */ = {isa = PBXBuildFile; fileRef = 14E63CCE197D49CA005E06BE /* UIKit.framework */; };
		14E63CD5197D49CA005E06BE /* InfoPlist.strings in Resources */ = {isa = PBXBuildFile; fileRef = 14E63CD3197D49CA005E06BE /* InfoPlist.strings */; };
		14E63CD7197D49CA005E06BE /* main.m in Sources */ = {isa = PBXBuildFile; fileRef = 14E63CD6197D49CA005E06BE /* main.m */; };
		14E63CDB197D49CA005E06BE /* AppDelegate.m in Sources */ = {isa = PBXBuildFile; fileRef = 14E63CDA197D49CA005E06BE /* AppDelegate.m */; };
		14E63CDE197D49CA005E06BE /* Main.storyboard in Resources */ = {isa = PBXBuildFile; fileRef = 14E63CDC197D49CA005E06BE /* Main.storyboard */; };
		14E63CE1197D49CA005E06BE /* ViewController.m in Sources */ = {isa = PBXBuildFile; fileRef = 14E63CE0197D49CA005E06BE /* ViewController.m */; };
		14E63CE3197D49CA005E06BE /* Images.xcassets in Resources */ = {isa = PBXBuildFile; fileRef = 14E63CE2197D49CA005E06BE /* Images.xcassets */; };
		14E63CEA197D49CA005E06BE /* XCTest.framework in Frameworks */ = {isa = PBXBuildFile; fileRef = 14E63CE9197D49CA005E06BE /* XCTest.framework */; };
		14E63CEB197D49CA005E06BE /* Foundation.framework in Frameworks */ = {isa = PBXBuildFile; fileRef = 14E63CCA197D49CA005E06BE /* Foundation.framework */; };
		14E63CEC197D49CA005E06BE /* UIKit.framework in Frameworks */ = {isa = PBXBuildFile; fileRef = 14E63CCE197D49CA005E06BE /* UIKit.framework */; };
		14E63CF4197D49CA005E06BE /* InfoPlist.strings in Resources */ = {isa = PBXBuildFile; fileRef = 14E63CF2197D49CA005E06BE /* InfoPlist.strings */; };
		14E63CF6197D49CA005E06BE /* WallpaperAppTests.m in Sources */ = {isa = PBXBuildFile; fileRef = 14E63CF5197D49CA005E06BE /* WallpaperAppTests.m */; };
		14E63D00197D4A0C005E06BE /* placeholder.png in Resources */ = {isa = PBXBuildFile; fileRef = 14E63CFF197D4A0C005E06BE /* placeholder.png */; };
		14F55CE31990F40D00837B8E /* WallpaperViewController.m in Sources */ = {isa = PBXBuildFile; fileRef = 14F55CE21990F40D00837B8E /* WallpaperViewController.m */; };
/* End PBXBuildFile section */

/* Begin PBXContainerItemProxy section */
		14E63CED197D49CA005E06BE /* PBXContainerItemProxy */ = {
			isa = PBXContainerItemProxy;
			containerPortal = 14E63CBF197D49CA005E06BE /* Project object */;
			proxyType = 1;
			remoteGlobalIDString = 14E63CC6197D49CA005E06BE;
			remoteInfo = WallpaperApp;
		};
/* End PBXContainerItemProxy section */

/* Begin PBXFileReference section */
		1437277E198DBFA5000A06C0 /* ImagePost.h */ = {isa = PBXFileReference; fileEncoding = 4; lastKnownFileType = sourcecode.c.h; path = ImagePost.h; sourceTree = "<group>"; };
		1437277F198DBFA5000A06C0 /* ImagePost.m */ = {isa = PBXFileReference; fileEncoding = 4; lastKnownFileType = sourcecode.c.objc; path = ImagePost.m; sourceTree = "<group>"; };
		14D65B9B198E720A002FD151 /* MKAnnotationView+WebCache.h */ = {isa = PBXFileReference; fileEncoding = 4; lastKnownFileType = sourcecode.c.h; path = "MKAnnotationView+WebCache.h"; sourceTree = "<group>"; };
		14D65B9C198E720A002FD151 /* MKAnnotationView+WebCache.m */ = {isa = PBXFileReference; fileEncoding = 4; lastKnownFileType = sourcecode.c.objc; path = "MKAnnotationView+WebCache.m"; sourceTree = "<group>"; };
		14D65B9D198E720A002FD151 /* NSData+ImageContentType.h */ = {isa = PBXFileReference; fileEncoding = 4; lastKnownFileType = sourcecode.c.h; path = "NSData+ImageContentType.h"; sourceTree = "<group>"; };
		14D65B9E198E720A002FD151 /* NSData+ImageContentType.m */ = {isa = PBXFileReference; fileEncoding = 4; lastKnownFileType = sourcecode.c.objc; path = "NSData+ImageContentType.m"; sourceTree = "<group>"; };
		14D65B9F198E720A002FD151 /* SDImageCache.h */ = {isa = PBXFileReference; fileEncoding = 4; lastKnownFileType = sourcecode.c.h; path = SDImageCache.h; sourceTree = "<group>"; };
		14D65BA0198E720A002FD151 /* SDImageCache.m */ = {isa = PBXFileReference; fileEncoding = 4; lastKnownFileType = sourcecode.c.objc; path = SDImageCache.m; sourceTree = "<group>"; };
		14D65BA1198E720A002FD151 /* SDWebImageCompat.h */ = {isa = PBXFileReference; fileEncoding = 4; lastKnownFileType = sourcecode.c.h; path = SDWebImageCompat.h; sourceTree = "<group>"; };
		14D65BA2198E720A002FD151 /* SDWebImageCompat.m */ = {isa = PBXFileReference; fileEncoding = 4; lastKnownFileType = sourcecode.c.objc; path = SDWebImageCompat.m; sourceTree = "<group>"; };
		14D65BA3198E720A002FD151 /* SDWebImageDecoder.h */ = {isa = PBXFileReference; fileEncoding = 4; lastKnownFileType = sourcecode.c.h; path = SDWebImageDecoder.h; sourceTree = "<group>"; };
		14D65BA4198E720A002FD151 /* SDWebImageDecoder.m */ = {isa = PBXFileReference; fileEncoding = 4; lastKnownFileType = sourcecode.c.objc; path = SDWebImageDecoder.m; sourceTree = "<group>"; };
		14D65BA5198E720A002FD151 /* SDWebImageDownloader.h */ = {isa = PBXFileReference; fileEncoding = 4; lastKnownFileType = sourcecode.c.h; path = SDWebImageDownloader.h; sourceTree = "<group>"; };
		14D65BA6198E720A002FD151 /* SDWebImageDownloader.m */ = {isa = PBXFileReference; fileEncoding = 4; lastKnownFileType = sourcecode.c.objc; path = SDWebImageDownloader.m; sourceTree = "<group>"; };
		14D65BA7198E720A002FD151 /* SDWebImageDownloaderOperation.h */ = {isa = PBXFileReference; fileEncoding = 4; lastKnownFileType = sourcecode.c.h; path = SDWebImageDownloaderOperation.h; sourceTree = "<group>"; };
		14D65BA8198E720A002FD151 /* SDWebImageDownloaderOperation.m */ = {isa = PBXFileReference; fileEncoding = 4; lastKnownFileType = sourcecode.c.objc; path = SDWebImageDownloaderOperation.m; sourceTree = "<group>"; };
		14D65BA9198E720A002FD151 /* SDWebImageManager.h */ = {isa = PBXFileReference; fileEncoding = 4; lastKnownFileType = sourcecode.c.h; path = SDWebImageManager.h; sourceTree = "<group>"; };
		14D65BAA198E720A002FD151 /* SDWebImageManager.m */ = {isa = PBXFileReference; fileEncoding = 4; lastKnownFileType = sourcecode.c.objc; path = SDWebImageManager.m; sourceTree = "<group>"; };
		14D65BAB198E720A002FD151 /* SDWebImageOperation.h */ = {isa = PBXFileReference; fileEncoding = 4; lastKnownFileType = sourcecode.c.h; path = SDWebImageOperation.h; sourceTree = "<group>"; };
		14D65BAC198E720A002FD151 /* SDWebImagePrefetcher.h */ = {isa = PBXFileReference; fileEncoding = 4; lastKnownFileType = sourcecode.c.h; path = SDWebImagePrefetcher.h; sourceTree = "<group>"; };
		14D65BAD198E720A002FD151 /* SDWebImagePrefetcher.m */ = {isa = PBXFileReference; fileEncoding = 4; lastKnownFileType = sourcecode.c.objc; path = SDWebImagePrefetcher.m; sourceTree = "<group>"; };
		14D65BAE198E720A002FD151 /* UIButton+WebCache.h */ = {isa = PBXFileReference; fileEncoding = 4; lastKnownFileType = sourcecode.c.h; path = "UIButton+WebCache.h"; sourceTree = "<group>"; };
		14D65BAF198E720A002FD151 /* UIButton+WebCache.m */ = {isa = PBXFileReference; fileEncoding = 4; lastKnownFileType = sourcecode.c.objc; path = "UIButton+WebCache.m"; sourceTree = "<group>"; };
		14D65BB0198E720A002FD151 /* UIImage+GIF.h */ = {isa = PBXFileReference; fileEncoding = 4; lastKnownFileType = sourcecode.c.h; path = "UIImage+GIF.h"; sourceTree = "<group>"; };
		14D65BB1198E720A002FD151 /* UIImage+GIF.m */ = {isa = PBXFileReference; fileEncoding = 4; lastKnownFileType = sourcecode.c.objc; path = "UIImage+GIF.m"; sourceTree = "<group>"; };
		14D65BB2198E720A002FD151 /* UIImage+MultiFormat.h */ = {isa = PBXFileReference; fileEncoding = 4; lastKnownFileType = sourcecode.c.h; path = "UIImage+MultiFormat.h"; sourceTree = "<group>"; };
		14D65BB3198E720A002FD151 /* UIImage+MultiFormat.m */ = {isa = PBXFileReference; fileEncoding = 4; lastKnownFileType = sourcecode.c.objc; path = "UIImage+MultiFormat.m"; sourceTree = "<group>"; };
		14D65BB4198E720A002FD151 /* UIImage+WebP.h */ = {isa = PBXFileReference; fileEncoding = 4; lastKnownFileType = sourcecode.c.h; path = "UIImage+WebP.h"; sourceTree = "<group>"; };
		14D65BB5198E720A002FD151 /* UIImage+WebP.m */ = {isa = PBXFileReference; fileEncoding = 4; lastKnownFileType = sourcecode.c.objc; path = "UIImage+WebP.m"; sourceTree = "<group>"; };
		14D65BB6198E720A002FD151 /* UIImageView+HighlightedWebCache.h */ = {isa = PBXFileReference; fileEncoding = 4; lastKnownFileType = sourcecode.c.h; path = "UIImageView+HighlightedWebCache.h"; sourceTree = "<group>"; };
		14D65BB7198E720A002FD151 /* UIImageView+HighlightedWebCache.m */ = {isa = PBXFileReference; fileEncoding = 4; lastKnownFileType = sourcecode.c.objc; path = "UIImageView+HighlightedWebCache.m"; sourceTree = "<group>"; };
		14D65BB8198E720A002FD151 /* UIImageView+WebCache.h */ = {isa = PBXFileReference; fileEncoding = 4; lastKnownFileType = sourcecode.c.h; path = "UIImageView+WebCache.h"; sourceTree = "<group>"; };
		14D65BB9198E720A002FD151 /* UIImageView+WebCache.m */ = {isa = PBXFileReference; fileEncoding = 4; lastKnownFileType = sourcecode.c.objc; path = "UIImageView+WebCache.m"; sourceTree = "<group>"; };
		14D65BBA198E720A002FD151 /* UIView+WebCacheOperation.h */ = {isa = PBXFileReference; fileEncoding = 4; lastKnownFileType = sourcecode.c.h; path = "UIView+WebCacheOperation.h"; sourceTree = "<group>"; };
		14D65BBB198E720A002FD151 /* UIView+WebCacheOperation.m */ = {isa = PBXFileReference; fileEncoding = 4; lastKnownFileType = sourcecode.c.objc; path = "UIView+WebCacheOperation.m"; sourceTree = "<group>"; };
		14E63CC7197D49CA005E06BE /* WallpaperApp.app */ = {isa = PBXFileReference; explicitFileType = wrapper.application; includeInIndex = 0; path = WallpaperApp.app; sourceTree = BUILT_PRODUCTS_DIR; };
		14E63CCA197D49CA005E06BE /* Foundation.framework */ = {isa = PBXFileReference; lastKnownFileType = wrapper.framework; name = Foundation.framework; path = System/Library/Frameworks/Foundation.framework; sourceTree = SDKROOT; };
		14E63CCC197D49CA005E06BE /* CoreGraphics.framework */ = {isa = PBXFileReference; lastKnownFileType = wrapper.framework; name = CoreGraphics.framework; path = System/Library/Frameworks/CoreGraphics.framework; sourceTree = SDKROOT; };
		14E63CCE197D49CA005E06BE /* UIKit.framework */ = {isa = PBXFileReference; lastKnownFileType = wrapper.framework; name = UIKit.framework; path = System/Library/Frameworks/UIKit.framework; sourceTree = SDKROOT; };
		14E63CD2197D49CA005E06BE /* WallpaperApp-Info.plist */ = {isa = PBXFileReference; lastKnownFileType = text.plist.xml; path = "WallpaperApp-Info.plist"; sourceTree = "<group>"; };
		14E63CD4197D49CA005E06BE /* en */ = {isa = PBXFileReference; lastKnownFileType = text.plist.strings; name = en; path = en.lproj/InfoPlist.strings; sourceTree = "<group>"; };
		14E63CD6197D49CA005E06BE /* main.m */ = {isa = PBXFileReference; lastKnownFileType = sourcecode.c.objc; path = main.m; sourceTree = "<group>"; };
		14E63CD8197D49CA005E06BE /* WallpaperApp-Prefix.pch */ = {isa = PBXFileReference; lastKnownFileType = sourcecode.c.h; path = "WallpaperApp-Prefix.pch"; sourceTree = "<group>"; };
		14E63CD9197D49CA005E06BE /* AppDelegate.h */ = {isa = PBXFileReference; lastKnownFileType = sourcecode.c.h; path = AppDelegate.h; sourceTree = "<group>"; };
		14E63CDA197D49CA005E06BE /* AppDelegate.m */ = {isa = PBXFileReference; lastKnownFileType = sourcecode.c.objc; path = AppDelegate.m; sourceTree = "<group>"; };
		14E63CDD197D49CA005E06BE /* Base */ = {isa = PBXFileReference; lastKnownFileType = file.storyboard; name = Base; path = Base.lproj/Main.storyboard; sourceTree = "<group>"; };
		14E63CDF197D49CA005E06BE /* ViewController.h */ = {isa = PBXFileReference; lastKnownFileType = sourcecode.c.h; path = ViewController.h; sourceTree = "<group>"; };
		14E63CE0197D49CA005E06BE /* ViewController.m */ = {isa = PBXFileReference; lastKnownFileType = sourcecode.c.objc; path = ViewController.m; sourceTree = "<group>"; };
		14E63CE2197D49CA005E06BE /* Images.xcassets */ = {isa = PBXFileReference; lastKnownFileType = folder.assetcatalog; path = Images.xcassets; sourceTree = "<group>"; };
		14E63CE8197D49CA005E06BE /* WallpaperAppTests.xctest */ = {isa = PBXFileReference; explicitFileType = wrapper.cfbundle; includeInIndex = 0; path = WallpaperAppTests.xctest; sourceTree = BUILT_PRODUCTS_DIR; };
		14E63CE9197D49CA005E06BE /* XCTest.framework */ = {isa = PBXFileReference; lastKnownFileType = wrapper.framework; name = XCTest.framework; path = Library/Frameworks/XCTest.framework; sourceTree = DEVELOPER_DIR; };
		14E63CF1197D49CA005E06BE /* WallpaperAppTests-Info.plist */ = {isa = PBXFileReference; lastKnownFileType = text.plist.xml; path = "WallpaperAppTests-Info.plist"; sourceTree = "<group>"; };
		14E63CF3197D49CA005E06BE /* en */ = {isa = PBXFileReference; lastKnownFileType = text.plist.strings; name = en; path = en.lproj/InfoPlist.strings; sourceTree = "<group>"; };
		14E63CF5197D49CA005E06BE /* WallpaperAppTests.m */ = {isa = PBXFileReference; lastKnownFileType = sourcecode.c.objc; path = WallpaperAppTests.m; sourceTree = "<group>"; };
		14E63CFF197D4A0C005E06BE /* placeholder.png */ = {isa = PBXFileReference; lastKnownFileType = image.png; path = placeholder.png; sourceTree = "<group>"; };
		14F55CE11990F40D00837B8E /* WallpaperViewController.h */ = {isa = PBXFileReference; fileEncoding = 4; lastKnownFileType = sourcecode.c.h; path = WallpaperViewController.h; sourceTree = "<group>"; };
		14F55CE21990F40D00837B8E /* WallpaperViewController.m */ = {isa = PBXFileReference; fileEncoding = 4; lastKnownFileType = sourcecode.c.objc; path = WallpaperViewController.m; sourceTree = "<group>"; };
/* End PBXFileReference section */

/* Begin PBXFrameworksBuildPhase section */
		14E63CC4197D49CA005E06BE /* Frameworks */ = {
			isa = PBXFrameworksBuildPhase;
			buildActionMask = 2147483647;
			files = (
				14E63CCD197D49CA005E06BE /* CoreGraphics.framework in Frameworks */,
				14E63CCF197D49CA005E06BE /* UIKit.framework in Frameworks */,
				14E63CCB197D49CA005E06BE /* Foundation.framework in Frameworks */,
			);
			runOnlyForDeploymentPostprocessing = 0;
		};
		14E63CE5197D49CA005E06BE /* Frameworks */ = {
			isa = PBXFrameworksBuildPhase;
			buildActionMask = 2147483647;
			files = (
				14E63CEA197D49CA005E06BE /* XCTest.framework in Frameworks */,
				14E63CEC197D49CA005E06BE /* UIKit.framework in Frameworks */,
				14E63CEB197D49CA005E06BE /* Foundation.framework in Frameworks */,
			);
			runOnlyForDeploymentPostprocessing = 0;
		};
/* End PBXFrameworksBuildPhase section */

/* Begin PBXGroup section */
		14D65B9A198E720A002FD151 /* SDWebImage */ = {
			isa = PBXGroup;
			children = (
				14D65B9B198E720A002FD151 /* MKAnnotationView+WebCache.h */,
				14D65B9C198E720A002FD151 /* MKAnnotationView+WebCache.m */,
				14D65B9D198E720A002FD151 /* NSData+ImageContentType.h */,
				14D65B9E198E720A002FD151 /* NSData+ImageContentType.m */,
				14D65B9F198E720A002FD151 /* SDImageCache.h */,
				14D65BA0198E720A002FD151 /* SDImageCache.m */,
				14D65BA1198E720A002FD151 /* SDWebImageCompat.h */,
				14D65BA2198E720A002FD151 /* SDWebImageCompat.m */,
				14D65BA3198E720A002FD151 /* SDWebImageDecoder.h */,
				14D65BA4198E720A002FD151 /* SDWebImageDecoder.m */,
				14D65BA5198E720A002FD151 /* SDWebImageDownloader.h */,
				14D65BA6198E720A002FD151 /* SDWebImageDownloader.m */,
				14D65BA7198E720A002FD151 /* SDWebImageDownloaderOperation.h */,
				14D65BA8198E720A002FD151 /* SDWebImageDownloaderOperation.m */,
				14D65BA9198E720A002FD151 /* SDWebImageManager.h */,
				14D65BAA198E720A002FD151 /* SDWebImageManager.m */,
				14D65BAB198E720A002FD151 /* SDWebImageOperation.h */,
				14D65BAC198E720A002FD151 /* SDWebImagePrefetcher.h */,
				14D65BAD198E720A002FD151 /* SDWebImagePrefetcher.m */,
				14D65BAE198E720A002FD151 /* UIButton+WebCache.h */,
				14D65BAF198E720A002FD151 /* UIButton+WebCache.m */,
				14D65BB0198E720A002FD151 /* UIImage+GIF.h */,
				14D65BB1198E720A002FD151 /* UIImage+GIF.m */,
				14D65BB2198E720A002FD151 /* UIImage+MultiFormat.h */,
				14D65BB3198E720A002FD151 /* UIImage+MultiFormat.m */,
				14D65BB4198E720A002FD151 /* UIImage+WebP.h */,
				14D65BB5198E720A002FD151 /* UIImage+WebP.m */,
				14D65BB6198E720A002FD151 /* UIImageView+HighlightedWebCache.h */,
				14D65BB7198E720A002FD151 /* UIImageView+HighlightedWebCache.m */,
				14D65BB8198E720A002FD151 /* UIImageView+WebCache.h */,
				14D65BB9198E720A002FD151 /* UIImageView+WebCache.m */,
				14D65BBA198E720A002FD151 /* UIView+WebCacheOperation.h */,
				14D65BBB198E720A002FD151 /* UIView+WebCacheOperation.m */,
			);
			path = SDWebImage;
			sourceTree = "<group>";
		};
		14E63CBE197D49CA005E06BE = {
			isa = PBXGroup;
			children = (
				14D65B9A198E720A002FD151 /* SDWebImage */,
				14E63CD0197D49CA005E06BE /* WallpaperApp */,
				14E63CEF197D49CA005E06BE /* WallpaperAppTests */,
				14E63CC9197D49CA005E06BE /* Frameworks */,
				14E63CC8197D49CA005E06BE /* Products */,
			);
			sourceTree = "<group>";
		};
		14E63CC8197D49CA005E06BE /* Products */ = {
			isa = PBXGroup;
			children = (
				14E63CC7197D49CA005E06BE /* WallpaperApp.app */,
				14E63CE8197D49CA005E06BE /* WallpaperAppTests.xctest */,
			);
			name = Products;
			sourceTree = "<group>";
		};
		14E63CC9197D49CA005E06BE /* Frameworks */ = {
			isa = PBXGroup;
			children = (
				14E63CCA197D49CA005E06BE /* Foundation.framework */,
				14E63CCC197D49CA005E06BE /* CoreGraphics.framework */,
				14E63CCE197D49CA005E06BE /* UIKit.framework */,
				14E63CE9197D49CA005E06BE /* XCTest.framework */,
			);
			name = Frameworks;
			sourceTree = "<group>";
		};
		14E63CD0197D49CA005E06BE /* WallpaperApp */ = {
			isa = PBXGroup;
			children = (
				14E63CD9197D49CA005E06BE /* AppDelegate.h */,
				14E63CDA197D49CA005E06BE /* AppDelegate.m */,
				14E63CDC197D49CA005E06BE /* Main.storyboard */,
				14E63CDF197D49CA005E06BE /* ViewController.h */,
				14E63CE0197D49CA005E06BE /* ViewController.m */,
				14F55CE11990F40D00837B8E /* WallpaperViewController.h */,
				14F55CE21990F40D00837B8E /* WallpaperViewController.m */,
				1437277E198DBFA5000A06C0 /* ImagePost.h */,
				1437277F198DBFA5000A06C0 /* ImagePost.m */,
				14E63CE2197D49CA005E06BE /* Images.xcassets */,
				14E63CD1197D49CA005E06BE /* Supporting Files */,
			);
			path = WallpaperApp;
			sourceTree = "<group>";
		};
		14E63CD1197D49CA005E06BE /* Supporting Files */ = {
			isa = PBXGroup;
			children = (
				14E63CFF197D4A0C005E06BE /* placeholder.png */,
				14E63CD2197D49CA005E06BE /* WallpaperApp-Info.plist */,
				14E63CD3197D49CA005E06BE /* InfoPlist.strings */,
				14E63CD6197D49CA005E06BE /* main.m */,
				14E63CD8197D49CA005E06BE /* WallpaperApp-Prefix.pch */,
			);
			name = "Supporting Files";
			sourceTree = "<group>";
		};
		14E63CEF197D49CA005E06BE /* WallpaperAppTests */ = {
			isa = PBXGroup;
			children = (
				14E63CF5197D49CA005E06BE /* WallpaperAppTests.m */,
				14E63CF0197D49CA005E06BE /* Supporting Files */,
			);
			path = WallpaperAppTests;
			sourceTree = "<group>";
		};
		14E63CF0197D49CA005E06BE /* Supporting Files */ = {
			isa = PBXGroup;
			children = (
				14E63CF1197D49CA005E06BE /* WallpaperAppTests-Info.plist */,
				14E63CF2197D49CA005E06BE /* InfoPlist.strings */,
			);
			name = "Supporting Files";
			sourceTree = "<group>";
		};
/* End PBXGroup section */

/* Begin PBXNativeTarget section */
		14E63CC6197D49CA005E06BE /* WallpaperApp */ = {
			isa = PBXNativeTarget;
			buildConfigurationList = 14E63CF9197D49CA005E06BE /* Build configuration list for PBXNativeTarget "WallpaperApp" */;
			buildPhases = (
				14E63CC3197D49CA005E06BE /* Sources */,
				14E63CC4197D49CA005E06BE /* Frameworks */,
				14E63CC5197D49CA005E06BE /* Resources */,
			);
			buildRules = (
			);
			dependencies = (
			);
			name = WallpaperApp;
			productName = WallpaperApp;
			productReference = 14E63CC7197D49CA005E06BE /* WallpaperApp.app */;
			productType = "com.apple.product-type.application";
		};
		14E63CE7197D49CA005E06BE /* WallpaperAppTests */ = {
			isa = PBXNativeTarget;
			buildConfigurationList = 14E63CFC197D49CA005E06BE /* Build configuration list for PBXNativeTarget "WallpaperAppTests" */;
			buildPhases = (
				14E63CE4197D49CA005E06BE /* Sources */,
				14E63CE5197D49CA005E06BE /* Frameworks */,
				14E63CE6197D49CA005E06BE /* Resources */,
			);
			buildRules = (
			);
			dependencies = (
				14E63CEE197D49CA005E06BE /* PBXTargetDependency */,
			);
			name = WallpaperAppTests;
			productName = WallpaperAppTests;
			productReference = 14E63CE8197D49CA005E06BE /* WallpaperAppTests.xctest */;
			productType = "com.apple.product-type.bundle.unit-test";
		};
/* End PBXNativeTarget section */

/* Begin PBXProject section */
		14E63CBF197D49CA005E06BE /* Project object */ = {
			isa = PBXProject;
			attributes = {
				LastUpgradeCheck = 0510;
				ORGANIZATIONNAME = zzzbye;
				TargetAttributes = {
					14E63CC6197D49CA005E06BE = {
						DevelopmentTeam = 27N8VWWJ39;
					};
					14E63CE7197D49CA005E06BE = {
						TestTargetID = 14E63CC6197D49CA005E06BE;
					};
				};
			};
			buildConfigurationList = 14E63CC2197D49CA005E06BE /* Build configuration list for PBXProject "WallpaperApp" */;
			compatibilityVersion = "Xcode 3.2";
			developmentRegion = English;
			hasScannedForEncodings = 0;
			knownRegions = (
				en,
				Base,
			);
			mainGroup = 14E63CBE197D49CA005E06BE;
			productRefGroup = 14E63CC8197D49CA005E06BE /* Products */;
			projectDirPath = "";
			projectRoot = "";
			targets = (
				14E63CC6197D49CA005E06BE /* WallpaperApp */,
				14E63CE7197D49CA005E06BE /* WallpaperAppTests */,
			);
		};
/* End PBXProject section */

/* Begin PBXResourcesBuildPhase section */
		14E63CC5197D49CA005E06BE /* Resources */ = {
			isa = PBXResourcesBuildPhase;
			buildActionMask = 2147483647;
			files = (
				14E63CE3197D49CA005E06BE /* Images.xcassets in Resources */,
				14E63D00197D4A0C005E06BE /* placeholder.png in Resources */,
				14E63CD5197D49CA005E06BE /* InfoPlist.strings in Resources */,
				14E63CDE197D49CA005E06BE /* Main.storyboard in Resources */,
			);
			runOnlyForDeploymentPostprocessing = 0;
		};
		14E63CE6197D49CA005E06BE /* Resources */ = {
			isa = PBXResourcesBuildPhase;
			buildActionMask = 2147483647;
			files = (
				14E63CF4197D49CA005E06BE /* InfoPlist.strings in Resources */,
			);
			runOnlyForDeploymentPostprocessing = 0;
		};
/* End PBXResourcesBuildPhase section */

/* Begin PBXSourcesBuildPhase section */
		14E63CC3197D49CA005E06BE /* Sources */ = {
			isa = PBXSourcesBuildPhase;
			buildActionMask = 2147483647;
			files = (
				14D65BC9198E720A002FD151 /* UIImageView+HighlightedWebCache.m in Sources */,
				14D65BC7198E720A002FD151 /* UIImage+MultiFormat.m in Sources */,
				14D65BC2198E720A002FD151 /* SDWebImageDownloaderOperation.m in Sources */,
				14E63CE1197D49CA005E06BE /* ViewController.m in Sources */,
				14F55CE31990F40D00837B8E /* WallpaperViewController.m in Sources */,
				14D65BBF198E720A002FD151 /* SDWebImageCompat.m in Sources */,
				14D65BC6198E720A002FD151 /* UIImage+GIF.m in Sources */,
				14D65BC4198E720A002FD151 /* SDWebImagePrefetcher.m in Sources */,
				14E63CDB197D49CA005E06BE /* AppDelegate.m in Sources */,
				14E63CD7197D49CA005E06BE /* main.m in Sources */,
				14D65BC8198E720A002FD151 /* UIImage+WebP.m in Sources */,
				14D65BCA198E720A002FD151 /* UIImageView+WebCache.m in Sources */,
				14D65BC1198E720A002FD151 /* SDWebImageDownloader.m in Sources */,
				14D65BCB198E720A002FD151 /* UIView+WebCacheOperation.m in Sources */,
				14D65BC5198E720A002FD151 /* UIButton+WebCache.m in Sources */,
				14D65BBC198E720A002FD151 /* MKAnnotationView+WebCache.m in Sources */,
				14D65BBD198E720A002FD151 /* NSData+ImageContentType.m in Sources */,
				14372780198DBFA5000A06C0 /* ImagePost.m in Sources */,
				14D65BC3198E720A002FD151 /* SDWebImageManager.m in Sources */,
				14D65BC0198E720A002FD151 /* SDWebImageDecoder.m in Sources */,
				14D65BBE198E720A002FD151 /* SDImageCache.m in Sources */,
			);
			runOnlyForDeploymentPostprocessing = 0;
		};
		14E63CE4197D49CA005E06BE /* Sources */ = {
			isa = PBXSourcesBuildPhase;
			buildActionMask = 2147483647;
			files = (
				14E63CF6197D49CA005E06BE /* WallpaperAppTests.m in Sources */,
			);
			runOnlyForDeploymentPostprocessing = 0;
		};
/* End PBXSourcesBuildPhase section */

/* Begin PBXTargetDependency section */
		14E63CEE197D49CA005E06BE /* PBXTargetDependency */ = {
			isa = PBXTargetDependency;
			target = 14E63CC6197D49CA005E06BE /* WallpaperApp */;
			targetProxy = 14E63CED197D49CA005E06BE /* PBXContainerItemProxy */;
		};
/* End PBXTargetDependency section */

/* Begin PBXVariantGroup section */
		14E63CD3197D49CA005E06BE /* InfoPlist.strings */ = {
			isa = PBXVariantGroup;
			children = (
				14E63CD4197D49CA005E06BE /* en */,
			);
			name = InfoPlist.strings;
			sourceTree = "<group>";
		};
		14E63CDC197D49CA005E06BE /* Main.storyboard */ = {
			isa = PBXVariantGroup;
			children = (
				14E63CDD197D49CA005E06BE /* Base */,
			);
			name = Main.storyboard;
			sourceTree = "<group>";
		};
		14E63CF2197D49CA005E06BE /* InfoPlist.strings */ = {
			isa = PBXVariantGroup;
			children = (
				14E63CF3197D49CA005E06BE /* en */,
			);
			name = InfoPlist.strings;
			sourceTree = "<group>";
		};
/* End PBXVariantGroup section */

/* Begin XCBuildConfiguration section */
		14E63CF7197D49CA005E06BE /* Debug */ = {
			isa = XCBuildConfiguration;
			buildSettings = {
				ALWAYS_SEARCH_USER_PATHS = NO;
				CLANG_CXX_LANGUAGE_STANDARD = "gnu++0x";
				CLANG_CXX_LIBRARY = "libc++";
				CLANG_ENABLE_MODULES = YES;
				CLANG_ENABLE_OBJC_ARC = YES;
				CLANG_WARN_BOOL_CONVERSION = YES;
				CLANG_WARN_CONSTANT_CONVERSION = YES;
				CLANG_WARN_DIRECT_OBJC_ISA_USAGE = YES_ERROR;
				CLANG_WARN_EMPTY_BODY = YES;
				CLANG_WARN_ENUM_CONVERSION = YES;
				CLANG_WARN_INT_CONVERSION = YES;
				CLANG_WARN_OBJC_ROOT_CLASS = YES_ERROR;
				CLANG_WARN__DUPLICATE_METHOD_MATCH = YES;
				"CODE_SIGN_IDENTITY[sdk=iphoneos*]" = "iPhone Developer";
				COPY_PHASE_STRIP = NO;
				GCC_C_LANGUAGE_STANDARD = gnu99;
				GCC_DYNAMIC_NO_PIC = NO;
				GCC_OPTIMIZATION_LEVEL = 0;
				GCC_PREPROCESSOR_DEFINITIONS = (
					"DEBUG=1",
					"$(inherited)",
				);
				GCC_SYMBOLS_PRIVATE_EXTERN = NO;
				GCC_WARN_64_TO_32_BIT_CONVERSION = YES;
				GCC_WARN_ABOUT_RETURN_TYPE = YES_ERROR;
				GCC_WARN_UNDECLARED_SELECTOR = YES;
				GCC_WARN_UNINITIALIZED_AUTOS = YES_AGGRESSIVE;
				GCC_WARN_UNUSED_FUNCTION = YES;
				GCC_WARN_UNUSED_VARIABLE = YES;
				IPHONEOS_DEPLOYMENT_TARGET = 7.1;
				ONLY_ACTIVE_ARCH = YES;
				SDKROOT = iphoneos;
			};
			name = Debug;
		};
		14E63CF8197D49CA005E06BE /* Release */ = {
			isa = XCBuildConfiguration;
			buildSettings = {
				ALWAYS_SEARCH_USER_PATHS = NO;
				CLANG_CXX_LANGUAGE_STANDARD = "gnu++0x";
				CLANG_CXX_LIBRARY = "libc++";
				CLANG_ENABLE_MODULES = YES;
				CLANG_ENABLE_OBJC_ARC = YES;
				CLANG_WARN_BOOL_CONVERSION = YES;
				CLANG_WARN_CONSTANT_CONVERSION = YES;
				CLANG_WARN_DIRECT_OBJC_ISA_USAGE = YES_ERROR;
				CLANG_WARN_EMPTY_BODY = YES;
				CLANG_WARN_ENUM_CONVERSION = YES;
				CLANG_WARN_INT_CONVERSION = YES;
				CLANG_WARN_OBJC_ROOT_CLASS = YES_ERROR;
				CLANG_WARN__DUPLICATE_METHOD_MATCH = YES;
				"CODE_SIGN_IDENTITY[sdk=iphoneos*]" = "iPhone Developer";
				COPY_PHASE_STRIP = YES;
				ENABLE_NS_ASSERTIONS = NO;
				GCC_C_LANGUAGE_STANDARD = gnu99;
				GCC_WARN_64_TO_32_BIT_CONVERSION = YES;
				GCC_WARN_ABOUT_RETURN_TYPE = YES_ERROR;
				GCC_WARN_UNDECLARED_SELECTOR = YES;
				GCC_WARN_UNINITIALIZED_AUTOS = YES_AGGRESSIVE;
				GCC_WARN_UNUSED_FUNCTION = YES;
				GCC_WARN_UNUSED_VARIABLE = YES;
				IPHONEOS_DEPLOYMENT_TARGET = 7.1;
				SDKROOT = iphoneos;
				VALIDATE_PRODUCT = YES;
			};
			name = Release;
		};
		14E63CFA197D49CA005E06BE /* Debug */ = {
			isa = XCBuildConfiguration;
			buildSettings = {
				ASSETCATALOG_COMPILER_APPICON_NAME = AppIcon;
				ASSETCATALOG_COMPILER_LAUNCHIMAGE_NAME = LaunchImage;
				CODE_SIGN_IDENTITY = "iPhone Developer";
				GCC_PRECOMPILE_PREFIX_HEADER = YES;
				GCC_PREFIX_HEADER = "WallpaperApp/WallpaperApp-Prefix.pch";
				INFOPLIST_FILE = "WallpaperApp/WallpaperApp-Info.plist";
				PRODUCT_NAME = "$(TARGET_NAME)";
				WRAPPER_EXTENSION = app;
			};
			name = Debug;
		};
		14E63CFB197D49CA005E06BE /* Release */ = {
			isa = XCBuildConfiguration;
			buildSettings = {
				ASSETCATALOG_COMPILER_APPICON_NAME = AppIcon;
				ASSETCATALOG_COMPILER_LAUNCHIMAGE_NAME = LaunchImage;
				CODE_SIGN_IDENTITY = "iPhone Developer";
				GCC_PRECOMPILE_PREFIX_HEADER = YES;
				GCC_PREFIX_HEADER = "WallpaperApp/WallpaperApp-Prefix.pch";
				INFOPLIST_FILE = "WallpaperApp/WallpaperApp-Info.plist";
				PRODUCT_NAME = "$(TARGET_NAME)";
				WRAPPER_EXTENSION = app;
			};
			name = Release;
		};
		14E63CFD197D49CA005E06BE /* Debug */ = {
			isa = XCBuildConfiguration;
			buildSettings = {
				BUNDLE_LOADER = "$(BUILT_PRODUCTS_DIR)/WallpaperApp.app/WallpaperApp";
				FRAMEWORK_SEARCH_PATHS = (
					"$(SDKROOT)/Developer/Library/Frameworks",
					"$(inherited)",
					"$(DEVELOPER_FRAMEWORKS_DIR)",
				);
				GCC_PRECOMPILE_PREFIX_HEADER = YES;
				GCC_PREFIX_HEADER = "WallpaperApp/WallpaperApp-Prefix.pch";
				GCC_PREPROCESSOR_DEFINITIONS = (
					"DEBUG=1",
					"$(inherited)",
				);
				INFOPLIST_FILE = "WallpaperAppTests/WallpaperAppTests-Info.plist";
				PRODUCT_NAME = "$(TARGET_NAME)";
				TEST_HOST = "$(BUNDLE_LOADER)";
				WRAPPER_EXTENSION = xctest;
			};
			name = Debug;
		};
		14E63CFE197D49CA005E06BE /* Release */ = {
			isa = XCBuildConfiguration;
			buildSettings = {
				BUNDLE_LOADER = "$(BUILT_PRODUCTS_DIR)/WallpaperApp.app/WallpaperApp";
				FRAMEWORK_SEARCH_PATHS = (
					"$(SDKROOT)/Developer/Library/Frameworks",
					"$(inherited)",
					"$(DEVELOPER_FRAMEWORKS_DIR)",
				);
				GCC_PRECOMPILE_PREFIX_HEADER = YES;
				GCC_PREFIX_HEADER = "WallpaperApp/WallpaperApp-Prefix.pch";
				INFOPLIST_FILE = "WallpaperAppTests/WallpaperAppTests-Info.plist";
				PRODUCT_NAME = "$(TARGET_NAME)";
				TEST_HOST = "$(BUNDLE_LOADER)";
				WRAPPER_EXTENSION = xctest;
			};
			name = Release;
		};
/* End XCBuildConfiguration section */

/* Begin XCConfigurationList section */
		14E63CC2197D49CA005E06BE /* Build configuration list for PBXProject "WallpaperApp" */ = {
			isa = XCConfigurationList;
			buildConfigurations = (
				14E63CF7197D49CA005E06BE /* Debug */,
				14E63CF8197D49CA005E06BE /* Release */,
			);
			defaultConfigurationIsVisible = 0;
			defaultConfigurationName = Release;
		};
		14E63CF9197D49CA005E06BE /* Build configuration list for PBXNativeTarget "WallpaperApp" */ = {
			isa = XCConfigurationList;
			buildConfigurations = (
				14E63CFA197D49CA005E06BE /* Debug */,
				14E63CFB197D49CA005E06BE /* Release */,
			);
			defaultConfigurationIsVisible = 0;
			defaultConfigurationName = Release;
		};
		14E63CFC197D49CA005E06BE /* Build configuration list for PBXNativeTarget "WallpaperAppTests" */ = {
			isa = XCConfigurationList;
			buildConfigurations = (
				14E63CFD197D49CA005E06BE /* Debug */,
				14E63CFE197D49CA005E06BE /* Release */,
			);
			defaultConfigurationIsVisible = 0;
			defaultConfigurationName = Release;
		};
/* End XCConfigurationList section */
	};
	rootObject = 14E63CBF197D49CA005E06BE /* Project object */;
}
